
Microsoft Visual Studio Solution File, Format Version 12.00
# Visual Studio Version 17
VisualStudioVersion = 17.1.32228.430
MinimumVisualStudioVersion = 10.0.40219.1
Project("{FAE04EC0-301F-11D3-BF4B-00C04F79EFBC}") = "Web-VP-Touch", "Web-VP-Touch.csproj", "{D269208D-A629-4770-8DA9-4A9B8E1B088D}"
EndProject
Global
	GlobalSection(SolutionConfigurationPlatforms) = preSolution
		Debug|Any CPU = Debug|Any CPU
		Release|Any CPU = Release|Any CPU
	EndGlobalSection
	GlobalSection(ProjectConfigurationPlatforms) = postSolution
		{D269208D-A629-4770-8DA9-4A9B8E1B088D}.Debug|Any CPU.ActiveCfg = Debug|Any CPU
		{D269208D-A629-4770-8DA9-4A9B8E1B088D}.Debug|Any CPU.Build.0 = Debug|Any CPU
		{D269208D-A629-4770-8DA9-4A9B8E1B088D}.Release|Any CPU.ActiveCfg = Release|Any CPU
		{D269208D-A629-4770-8DA9-4A9B8E1B088D}.Release|Any CPU.Build.0 = Release|Any CPU
	EndGlobalSection
	GlobalSection(SolutionProperties) = preSolution
		HideSolutionNode = FALSE
	EndGlobalSection
	GlobalSection(ExtensibilityGlobals) = postSolution
		SolutionGuid = {D5B06B82-9D14-4632-AC63-44CB7B16BFB2}
	EndGlobalSection
EndGlobal
